# THIS IS AN AUTOGENERATED FILE. DO NOT EDIT THIS FILE DIRECTLY.
# yarn lockfile v1


"miniprogram-api-typings@^2.8.3-1":
  "integrity" "sha512-ibvbqeslVFur0IAvTxLMvsbtvVcMo6gwvOnj0YZHV7aeDLu091VQRrETT2QuiG9P6aZWRcxeNGJChRKVPCp9VQ=="
  "resolved" "https://registry.npmjs.org/miniprogram-api-typings/-/miniprogram-api-typings-2.12.0.tgz"
  "version" "2.12.0"

"wx-delay-loading@^2.0.2":
  "integrity" "sha512-zHK9bAA04oqByLnmgCZNXAsr5mpnII88ak1RBM2IfREOk/OwZjuHC8aRUPgYQlnAvPqU0Ia0KPSGptCsY97kNA=="
  "resolved" "https://registry.npmjs.org/wx-delay-loading/-/wx-delay-loading-2.0.2.tgz"
  "version" "2.0.2"
